
Microsoft Visual Studio Solution File, Format Version 12.00
# Visual Studio 15
VisualStudioVersion = 15.0.28010.2041
MinimumVisualStudioVersion = 10.0.40219.1
Project("{8BC9CEB8-8B4A-11D0-8D11-00A0C91BC942}") = "Server", "Server\Server.vcxproj", "{0B9B6F8D-9740-483C-97AA-3C0D07CF69E9}"
EndProject
Project("{8BC9CEB8-8B4A-11D0-8D11-00A0C91BC942}") = "Client", "Client\Client.vcxproj", "{F26A6FA9-BCF2-45A5-98CA-572C263CB7D6}"
EndProject
Project("{2150E333-8FDC-42A3-9474-1A3956D46DE8}") = "Common", "Common", "{89FE86CD-B59D-4A35-9294-36BE75547F64}"
	ProjectSection(SolutionItems) = preProject
		Components.h = Components.h
	EndProjectSection
EndProject
Global
	GlobalSection(SolutionConfigurationPlatforms) = preSolution
		Debug|x64 = Debug|x64
		Debug|x86 = Debug|x86
		Release|x64 = Release|x64
		Release|x86 = Release|x86
	EndGlobalSection
	GlobalSection(ProjectConfigurationPlatforms) = postSolution
		{0B9B6F8D-9740-483C-97AA-3C0D07CF69E9}.Debug|x64.ActiveCfg = Debug|x64
		{0B9B6F8D-9740-483C-97AA-3C0D07CF69E9}.Debug|x64.Build.0 = Debug|x64
		{0B9B6F8D-9740-483C-97AA-3C0D07CF69E9}.Debug|x86.ActiveCfg = Debug|Win32
		{0B9B6F8D-9740-483C-97AA-3C0D07CF69E9}.Debug|x86.Build.0 = Debug|Win32
		{0B9B6F8D-9740-483C-97AA-3C0D07CF69E9}.Release|x64.ActiveCfg = Release|x64
		{0B9B6F8D-9740-483C-97AA-3C0D07CF69E9}.Release|x64.Build.0 = Release|x64
		{0B9B6F8D-9740-483C-97AA-3C0D07CF69E9}.Release|x86.ActiveCfg = Release|Win32
		{0B9B6F8D-9740-483C-97AA-3C0D07CF69E9}.Release|x86.Build.0 = Release|Win32
		{F26A6FA9-BCF2-45A5-98CA-572C263CB7D6}.Debug|x64.ActiveCfg = Debug|x64
		{F26A6FA9-BCF2-45A5-98CA-572C263CB7D6}.Debug|x64.Build.0 = Debug|x64
		{F26A6FA9-BCF2-45A5-98CA-572C263CB7D6}.Debug|x86.ActiveCfg = Debug|Win32
		{F26A6FA9-BCF2-45A5-98CA-572C263CB7D6}.Debug|x86.Build.0 = Debug|Win32
		{F26A6FA9-BCF2-45A5-98CA-572C263CB7D6}.Release|x64.ActiveCfg = Release|x64
		{F26A6FA9-BCF2-45A5-98CA-572C263CB7D6}.Release|x64.Build.0 = Release|x64
		{F26A6FA9-BCF2-45A5-98CA-572C263CB7D6}.Release|x86.ActiveCfg = Release|Win32
		{F26A6FA9-BCF2-45A5-98CA-572C263CB7D6}.Release|x86.Build.0 = Release|Win32
	EndGlobalSection
	GlobalSection(SolutionProperties) = preSolution
		HideSolutionNode = FALSE
	EndGlobalSection
	GlobalSection(ExtensibilityGlobals) = postSolution
		SolutionGuid = {F06B4D36-FF8E-44F7-8189-2E19FAC1DDD3}
	EndGlobalSection
EndGlobal
